
Microsoft Visual Studio Solution File, Format Version 12.00
# Visual Studio Version 17
VisualStudioVersion = 17.4.33205.214
MinimumVisualStudioVersion = 10.0.40219.1
Project("{9A19103F-16F7-4668-BE54-9A1E7A4F7556}") = "Crud", "Crud\Crud.csproj", "{E040F3E1-5D4E-437D-9C2F-A9C725A3A539}"
EndProject
Project("{FAE04EC0-301F-11D3-BF4B-00C04F79EFBC}") = "TaskAPI.Models", "TaskAPI.Models\TaskAPI.Models.csproj", "{2A286CF0-102C-4F7B-8464-BB651DCDC3A8}"
EndProject
Project("{FAE04EC0-301F-11D3-BF4B-00C04F79EFBC}") = "TaskAPI.Services", "TaskAPI.Services\TaskAPI.Services.csproj", "{DFB24894-FD98-415B-A175-072EE2136CB4}"
EndProject
Project("{FAE04EC0-301F-11D3-BF4B-00C04F79EFBC}") = "TaskAPI.DataAccess", "TaskAPI.DataAccess\TaskAPI.DataAccess.csproj", "{6D2B3B95-5532-40FC-B2B7-976703D93608}"
EndProject
Global
	GlobalSection(SolutionConfigurationPlatforms) = preSolution
		Debug|Any CPU = Debug|Any CPU
		Release|Any CPU = Release|Any CPU
	EndGlobalSection
	GlobalSection(ProjectConfigurationPlatforms) = postSolution
		{E040F3E1-5D4E-437D-9C2F-A9C725A3A539}.Debug|Any CPU.ActiveCfg = Debug|Any CPU
		{E040F3E1-5D4E-437D-9C2F-A9C725A3A539}.Debug|Any CPU.Build.0 = Debug|Any CPU
		{E040F3E1-5D4E-437D-9C2F-A9C725A3A539}.Release|Any CPU.ActiveCfg = Release|Any CPU
		{E040F3E1-5D4E-437D-9C2F-A9C725A3A539}.Release|Any CPU.Build.0 = Release|Any CPU
		{2A286CF0-102C-4F7B-8464-BB651DCDC3A8}.Debug|Any CPU.ActiveCfg = Debug|Any CPU
		{2A286CF0-102C-4F7B-8464-BB651DCDC3A8}.Debug|Any CPU.Build.0 = Debug|Any CPU
		{2A286CF0-102C-4F7B-8464-BB651DCDC3A8}.Release|Any CPU.ActiveCfg = Release|Any CPU
		{2A286CF0-102C-4F7B-8464-BB651DCDC3A8}.Release|Any CPU.Build.0 = Release|Any CPU
		{DFB24894-FD98-415B-A175-072EE2136CB4}.Debug|Any CPU.ActiveCfg = Debug|Any CPU
		{DFB24894-FD98-415B-A175-072EE2136CB4}.Debug|Any CPU.Build.0 = Debug|Any CPU
		{DFB24894-FD98-415B-A175-072EE2136CB4}.Release|Any CPU.ActiveCfg = Release|Any CPU
		{DFB24894-FD98-415B-A175-072EE2136CB4}.Release|Any CPU.Build.0 = Release|Any CPU
		{6D2B3B95-5532-40FC-B2B7-976703D93608}.Debug|Any CPU.ActiveCfg = Debug|Any CPU
		{6D2B3B95-5532-40FC-B2B7-976703D93608}.Debug|Any CPU.Build.0 = Debug|Any CPU
		{6D2B3B95-5532-40FC-B2B7-976703D93608}.Release|Any CPU.ActiveCfg = Release|Any CPU
		{6D2B3B95-5532-40FC-B2B7-976703D93608}.Release|Any CPU.Build.0 = Release|Any CPU
	EndGlobalSection
	GlobalSection(SolutionProperties) = preSolution
		HideSolutionNode = FALSE
	EndGlobalSection
	GlobalSection(ExtensibilityGlobals) = postSolution
		SolutionGuid = {31E55A14-8ED3-435F-AAA9-3DB656BB1CF8}
	EndGlobalSection
EndGlobal
